// !$*UTF8*$!
{
	archiveVersion = 1;
	classes = {
	};
	objectVersion = 48;
	objects = {

/* Begin PBXBuildFile section */
		4C0834001FDDBD430002F9BB /* EmployeeViewModelItem.swift in Sources */ = {isa = PBXBuildFile; fileRef = 4C0833FF1FDDBD430002F9BB /* EmployeeViewModelItem.swift */; };
		4C0834021FDDBD600002F9BB /* EmployeeViewModelItemType.swift in Sources */ = {isa = PBXBuildFile; fileRef = 4C0834011FDDBD600002F9BB /* EmployeeViewModelItemType.swift */; };
		4C0DF8811FD8EB0900715D9D /* CreateEmployeeViewModel.swift in Sources */ = {isa = PBXBuildFile; fileRef = 4C0DF8801FD8EB0900715D9D /* CreateEmployeeViewModel.swift */; };
		4C3288951FB7DC5300749988 /* AppDelegate.swift in Sources */ = {isa = PBXBuildFile; fileRef = 4C3288941FB7DC5300749988 /* AppDelegate.swift */; };
		4C3288971FB7DC5300749988 /* CompaniesController.swift in Sources */ = {isa = PBXBuildFile; fileRef = 4C3288961FB7DC5300749988 /* CompaniesController.swift */; };
		4C32889C1FB7DC5300749988 /* Assets.xcassets in Resources */ = {isa = PBXBuildFile; fileRef = 4C32889B1FB7DC5300749988 /* Assets.xcassets */; };
		4C32889F1FB7DC5300749988 /* LaunchScreen.storyboard in Resources */ = {isa = PBXBuildFile; fileRef = 4C32889D1FB7DC5300749988 /* LaunchScreen.storyboard */; };
		4C3288A81FB7E1D100749988 /* Palette.swift in Sources */ = {isa = PBXBuildFile; fileRef = 4C3288A71FB7E1D100749988 /* Palette.swift */; };
		4C3288AF1FB7E7F100749988 /* CompanyCell.swift in Sources */ = {isa = PBXBuildFile; fileRef = 4C3288AE1FB7E7F100749988 /* CompanyCell.swift */; };
		4C3288B11FB7EBCD00749988 /* Fonts.swift in Sources */ = {isa = PBXBuildFile; fileRef = 4C3288B01FB7EBCD00749988 /* Fonts.swift */; };
		4C3288B31FB7ECB000749988 /* Sizes.swift in Sources */ = {isa = PBXBuildFile; fileRef = 4C3288B21FB7ECB000749988 /* Sizes.swift */; };
		4C3288B61FB7ED3B00749988 /* APICompany.swift in Sources */ = {isa = PBXBuildFile; fileRef = 4C3288B51FB7ED3B00749988 /* APICompany.swift */; };
		4C33BBF11FE22F9100426E64 /* CompanyService.swift in Sources */ = {isa = PBXBuildFile; fileRef = 4C33BBF01FE22F9100426E64 /* CompanyService.swift */; };
		4C33BBF31FE234E500426E64 /* APIEmployee.swift in Sources */ = {isa = PBXBuildFile; fileRef = 4C33BBF21FE234E500426E64 /* APIEmployee.swift */; };
		4C6B872D1FDCB71F003745E6 /* HeaderLabel.swift in Sources */ = {isa = PBXBuildFile; fileRef = 4C6B872C1FDCB71F003745E6 /* HeaderLabel.swift */; };
		4C6DCC7D1FB8CC390012FA12 /* CreateCompanyController.swift in Sources */ = {isa = PBXBuildFile; fileRef = 4C6DCC7C1FB8CC390012FA12 /* CreateCompanyController.swift */; };
		4C770B761FC9E6D40030DF0D /* Successful.swift in Sources */ = {isa = PBXBuildFile; fileRef = 4C770B751FC9E6D40030DF0D /* Successful.swift */; };
		4C770B961FCA346A0030DF0D /* ShadowView.swift in Sources */ = {isa = PBXBuildFile; fileRef = 4C770B951FCA346A0030DF0D /* ShadowView.swift */; };
		4C8A3D2F1FC0AFEC00B216E6 /* CoreDataModel.xcdatamodeld in Sources */ = {isa = PBXBuildFile; fileRef = 4C8A3D2D1FC0AFEC00B216E6 /* CoreDataModel.xcdatamodeld */; };
		4C8A3D321FC0B15800B216E6 /* CompaniesViewModel.swift in Sources */ = {isa = PBXBuildFile; fileRef = 4C8A3D311FC0B15800B216E6 /* CompaniesViewModel.swift */; };
		4C8A3D341FC0B16E00B216E6 /* CreateCompanyViewModel.swift in Sources */ = {isa = PBXBuildFile; fileRef = 4C8A3D331FC0B16E00B216E6 /* CreateCompanyViewModel.swift */; };
		4C8A3D361FC0B4EA00B216E6 /* CompanyCellViewModel.swift in Sources */ = {isa = PBXBuildFile; fileRef = 4C8A3D351FC0B4EA00B216E6 /* CompanyCellViewModel.swift */; };
		4C8A3D381FC0BF0600B216E6 /* CoreDataManager.swift in Sources */ = {isa = PBXBuildFile; fileRef = 4C8A3D371FC0BF0600B216E6 /* CoreDataManager.swift */; };
		4CAA01771FBA9E3A00D16E19 /* Alertable.swift in Sources */ = {isa = PBXBuildFile; fileRef = 4CAA01761FBA9E3900D16E19 /* Alertable.swift */; };
		4CD45C7A1FD6446A006C144B /* EmployeesController.swift in Sources */ = {isa = PBXBuildFile; fileRef = 4CD45C791FD6446A006C144B /* EmployeesController.swift */; };
		4CD45C7C1FD645AF006C144B /* EmployeesViewModel.swift in Sources */ = {isa = PBXBuildFile; fileRef = 4CD45C7B1FD645AF006C144B /* EmployeesViewModel.swift */; };
		4CD45C7E1FD64644006C144B /* EmployeeCell.swift in Sources */ = {isa = PBXBuildFile; fileRef = 4CD45C7D1FD64644006C144B /* EmployeeCell.swift */; };
		4CD45C801FD646A4006C144B /* EmployeeCellViewModel.swift in Sources */ = {isa = PBXBuildFile; fileRef = 4CD45C7F1FD646A4006C144B /* EmployeeCellViewModel.swift */; };
		4CD45C821FD6494F006C144B /* CreateEmployeeController.swift in Sources */ = {isa = PBXBuildFile; fileRef = 4CD45C811FD6494F006C144B /* CreateEmployeeController.swift */; };
		974F03101FCE4F1A001B16D9 /* UnderlinedLabel.swift in Sources */ = {isa = PBXBuildFile; fileRef = 974F030F1FCE4F1A001B16D9 /* UnderlinedLabel.swift */; };
/* End PBXBuildFile section */

/* Begin PBXFileReference section */
		4C0833FF1FDDBD430002F9BB /* EmployeeViewModelItem.swift */ = {isa = PBXFileReference; lastKnownFileType = sourcecode.swift; path = EmployeeViewModelItem.swift; sourceTree = "<group>"; };
		4C0834011FDDBD600002F9BB /* EmployeeViewModelItemType.swift */ = {isa = PBXFileReference; lastKnownFileType = sourcecode.swift; path = EmployeeViewModelItemType.swift; sourceTree = "<group>"; };
		4C0DF8801FD8EB0900715D9D /* CreateEmployeeViewModel.swift */ = {isa = PBXFileReference; lastKnownFileType = sourcecode.swift; path = CreateEmployeeViewModel.swift; sourceTree = "<group>"; };
		4C3288911FB7DC5300749988 /* CoreDataDemo.app */ = {isa = PBXFileReference; explicitFileType = wrapper.application; includeInIndex = 0; path = CoreDataDemo.app; sourceTree = BUILT_PRODUCTS_DIR; };
		4C3288941FB7DC5300749988 /* AppDelegate.swift */ = {isa = PBXFileReference; lastKnownFileType = sourcecode.swift; path = AppDelegate.swift; sourceTree = "<group>"; };
		4C3288961FB7DC5300749988 /* CompaniesController.swift */ = {isa = PBXFileReference; lastKnownFileType = sourcecode.swift; path = CompaniesController.swift; sourceTree = "<group>"; };
		4C32889B1FB7DC5300749988 /* Assets.xcassets */ = {isa = PBXFileReference; lastKnownFileType = folder.assetcatalog; path = Assets.xcassets; sourceTree = "<group>"; };
		4C32889E1FB7DC5300749988 /* Base */ = {isa = PBXFileReference; lastKnownFileType = file.storyboard; name = Base; path = Base.lproj/LaunchScreen.storyboard; sourceTree = "<group>"; };
		4C3288A01FB7DC5300749988 /* Info.plist */ = {isa = PBXFileReference; lastKnownFileType = text.plist.xml; path = Info.plist; sourceTree = "<group>"; };
		4C3288A71FB7E1D100749988 /* Palette.swift */ = {isa = PBXFileReference; lastKnownFileType = sourcecode.swift; path = Palette.swift; sourceTree = "<group>"; };
		4C3288AE1FB7E7F100749988 /* CompanyCell.swift */ = {isa = PBXFileReference; lastKnownFileType = sourcecode.swift; path = CompanyCell.swift; sourceTree = "<group>"; };
		4C3288B01FB7EBCD00749988 /* Fonts.swift */ = {isa = PBXFileReference; lastKnownFileType = sourcecode.swift; path = Fonts.swift; sourceTree = "<group>"; };
		4C3288B21FB7ECB000749988 /* Sizes.swift */ = {isa = PBXFileReference; lastKnownFileType = sourcecode.swift; path = Sizes.swift; sourceTree = "<group>"; };
		4C3288B51FB7ED3B00749988 /* APICompany.swift */ = {isa = PBXFileReference; lastKnownFileType = sourcecode.swift; path = APICompany.swift; sourceTree = "<group>"; };
		4C33BBF01FE22F9100426E64 /* CompanyService.swift */ = {isa = PBXFileReference; lastKnownFileType = sourcecode.swift; path = CompanyService.swift; sourceTree = "<group>"; };
		4C33BBF21FE234E500426E64 /* APIEmployee.swift */ = {isa = PBXFileReference; lastKnownFileType = sourcecode.swift; path = APIEmployee.swift; sourceTree = "<group>"; };
		4C6B872C1FDCB71F003745E6 /* HeaderLabel.swift */ = {isa = PBXFileReference; lastKnownFileType = sourcecode.swift; path = HeaderLabel.swift; sourceTree = "<group>"; };
		4C6DCC7C1FB8CC390012FA12 /* CreateCompanyController.swift */ = {isa = PBXFileReference; lastKnownFileType = sourcecode.swift; path = CreateCompanyController.swift; sourceTree = "<group>"; };
		4C770B751FC9E6D40030DF0D /* Successful.swift */ = {isa = PBXFileReference; lastKnownFileType = sourcecode.swift; path = Successful.swift; sourceTree = "<group>"; };
		4C770B951FCA346A0030DF0D /* ShadowView.swift */ = {isa = PBXFileReference; lastKnownFileType = sourcecode.swift; path = ShadowView.swift; sourceTree = "<group>"; };
		4C8A3D2E1FC0AFEC00B216E6 /* CoreDataModel.xcdatamodel */ = {isa = PBXFileReference; lastKnownFileType = wrapper.xcdatamodel; path = CoreDataModel.xcdatamodel; sourceTree = "<group>"; };
		4C8A3D311FC0B15800B216E6 /* CompaniesViewModel.swift */ = {isa = PBXFileReference; lastKnownFileType = sourcecode.swift; path = CompaniesViewModel.swift; sourceTree = "<group>"; };
		4C8A3D331FC0B16E00B216E6 /* CreateCompanyViewModel.swift */ = {isa = PBXFileReference; lastKnownFileType = sourcecode.swift; path = CreateCompanyViewModel.swift; sourceTree = "<group>"; };
		4C8A3D351FC0B4EA00B216E6 /* CompanyCellViewModel.swift */ = {isa = PBXFileReference; lastKnownFileType = sourcecode.swift; path = CompanyCellViewModel.swift; sourceTree = "<group>"; };
		4C8A3D371FC0BF0600B216E6 /* CoreDataManager.swift */ = {isa = PBXFileReference; lastKnownFileType = sourcecode.swift; path = CoreDataManager.swift; sourceTree = "<group>"; };
		4CAA01761FBA9E3900D16E19 /* Alertable.swift */ = {isa = PBXFileReference; lastKnownFileType = sourcecode.swift; path = Alertable.swift; sourceTree = "<group>"; };
		4CD45C791FD6446A006C144B /* EmployeesController.swift */ = {isa = PBXFileReference; lastKnownFileType = sourcecode.swift; path = EmployeesController.swift; sourceTree = "<group>"; };
		4CD45C7B1FD645AF006C144B /* EmployeesViewModel.swift */ = {isa = PBXFileReference; lastKnownFileType = sourcecode.swift; path = EmployeesViewModel.swift; sourceTree = "<group>"; };
		4CD45C7D1FD64644006C144B /* EmployeeCell.swift */ = {isa = PBXFileReference; lastKnownFileType = sourcecode.swift; path = EmployeeCell.swift; sourceTree = "<group>"; };
		4CD45C7F1FD646A4006C144B /* EmployeeCellViewModel.swift */ = {isa = PBXFileReference; lastKnownFileType = sourcecode.swift; path = EmployeeCellViewModel.swift; sourceTree = "<group>"; };
		4CD45C811FD6494F006C144B /* CreateEmployeeController.swift */ = {isa = PBXFileReference; lastKnownFileType = sourcecode.swift; path = CreateEmployeeController.swift; sourceTree = "<group>"; };
		974F030F1FCE4F1A001B16D9 /* UnderlinedLabel.swift */ = {isa = PBXFileReference; lastKnownFileType = sourcecode.swift; path = UnderlinedLabel.swift; sourceTree = "<group>"; };
/* End PBXFileReference section */

/* Begin PBXFrameworksBuildPhase section */
		4C32888E1FB7DC5300749988 /* Frameworks */ = {
			isa = PBXFrameworksBuildPhase;
			buildActionMask = 2147483647;
			files = (
			);
			runOnlyForDeploymentPostprocessing = 0;
		};
/* End PBXFrameworksBuildPhase section */

/* Begin PBXGroup section */
		4C0833FE1FDDBD1C0002F9BB /* EmployeesViewModel */ = {
			isa = PBXGroup;
			children = (
				4CD45C7B1FD645AF006C144B /* EmployeesViewModel.swift */,
				4CD45C7F1FD646A4006C144B /* EmployeeCellViewModel.swift */,
				4C0833FF1FDDBD430002F9BB /* EmployeeViewModelItem.swift */,
				4C0834011FDDBD600002F9BB /* EmployeeViewModelItemType.swift */,
			);
			path = EmployeesViewModel;
			sourceTree = "<group>";
		};
		4C3288881FB7DC5300749988 = {
			isa = PBXGroup;
			children = (
				4C3288931FB7DC5300749988 /* CoreDataDemo */,
				4C3288921FB7DC5300749988 /* Products */,
			);
			sourceTree = "<group>";
		};
		4C3288921FB7DC5300749988 /* Products */ = {
			isa = PBXGroup;
			children = (
				4C3288911FB7DC5300749988 /* CoreDataDemo.app */,
			);
			name = Products;
			sourceTree = "<group>";
		};
		4C3288931FB7DC5300749988 /* CoreDataDemo */ = {
			isa = PBXGroup;
			children = (
				4C8A3D2C1FC0AFD300B216E6 /* Persistence */,
				4C3288A61FB7E1C700749988 /* Helpers */,
				4C3288AC1FB7E33E00749988 /* Resources */,
				4C33BBEF1FE22F7E00426E64 /* Services */,
				4C3288B41FB7ED2800749988 /* Models */,
				4C8A3D301FC0B13E00B216E6 /* ViewModels */,
				4C3288AA1FB7E33200749988 /* Views */,
				4C3288941FB7DC5300749988 /* AppDelegate.swift */,
				4C3288A01FB7DC5300749988 /* Info.plist */,
			);
			path = CoreDataDemo;
			sourceTree = "<group>";
		};
		4C3288A61FB7E1C700749988 /* Helpers */ = {
			isa = PBXGroup;
			children = (
				4CAA01781FBA9E3D00D16E19 /* Protocols */,
				4C3288A71FB7E1D100749988 /* Palette.swift */,
				4C3288B01FB7EBCD00749988 /* Fonts.swift */,
				4C3288B21FB7ECB000749988 /* Sizes.swift */,
			);
			path = Helpers;
			sourceTree = "<group>";
		};
		4C3288A91FB7E32A00749988 /* Controllers */ = {
			isa = PBXGroup;
			children = (
				4C3288961FB7DC5300749988 /* CompaniesController.swift */,
				4C6DCC7C1FB8CC390012FA12 /* CreateCompanyController.swift */,
				4CD45C791FD6446A006C144B /* EmployeesController.swift */,
				4CD45C811FD6494F006C144B /* CreateEmployeeController.swift */,
			);
			path = Controllers;
			sourceTree = "<group>";
		};
		4C3288AA1FB7E33200749988 /* Views */ = {
			isa = PBXGroup;
			children = (
				4C3288A91FB7E32A00749988 /* Controllers */,
				4C3288AD1FB7E7DF00749988 /* Cells */,
				4C770B951FCA346A0030DF0D /* ShadowView.swift */,
				974F030F1FCE4F1A001B16D9 /* UnderlinedLabel.swift */,
				4C6B872C1FDCB71F003745E6 /* HeaderLabel.swift */,
			);
			path = Views;
			sourceTree = "<group>";
		};
		4C3288AC1FB7E33E00749988 /* Resources */ = {
			isa = PBXGroup;
			children = (
				4C32889D1FB7DC5300749988 /* LaunchScreen.storyboard */,
				4C32889B1FB7DC5300749988 /* Assets.xcassets */,
			);
			path = Resources;
			sourceTree = "<group>";
		};
		4C3288AD1FB7E7DF00749988 /* Cells */ = {
			isa = PBXGroup;
			children = (
				4C3288AE1FB7E7F100749988 /* CompanyCell.swift */,
				4CD45C7D1FD64644006C144B /* EmployeeCell.swift */,
			);
			path = Cells;
			sourceTree = "<group>";
		};
		4C3288B41FB7ED2800749988 /* Models */ = {
			isa = PBXGroup;
			children = (
				4C3288B51FB7ED3B00749988 /* APICompany.swift */,
				4C33BBF21FE234E500426E64 /* APIEmployee.swift */,
			);
			path = Models;
			sourceTree = "<group>";
		};
		4C33BBEF1FE22F7E00426E64 /* Services */ = {
			isa = PBXGroup;
			children = (
				4C33BBF01FE22F9100426E64 /* CompanyService.swift */,
			);
			path = Services;
			sourceTree = "<group>";
		};
		4C8A3D2C1FC0AFD300B216E6 /* Persistence */ = {
			isa = PBXGroup;
			children = (
				4C8A3D2D1FC0AFEC00B216E6 /* CoreDataModel.xcdatamodeld */,
				4C8A3D371FC0BF0600B216E6 /* CoreDataManager.swift */,
			);
			path = Persistence;
			sourceTree = "<group>";
		};
		4C8A3D301FC0B13E00B216E6 /* ViewModels */ = {
			isa = PBXGroup;
			children = (
				4C0833FE1FDDBD1C0002F9BB /* EmployeesViewModel */,
				4C8A3D311FC0B15800B216E6 /* CompaniesViewModel.swift */,
				4C8A3D351FC0B4EA00B216E6 /* CompanyCellViewModel.swift */,
				4C8A3D331FC0B16E00B216E6 /* CreateCompanyViewModel.swift */,
				4C0DF8801FD8EB0900715D9D /* CreateEmployeeViewModel.swift */,
			);
			path = ViewModels;
			sourceTree = "<group>";
		};
		4CAA01781FBA9E3D00D16E19 /* Protocols */ = {
			isa = PBXGroup;
			children = (
				4CAA01761FBA9E3900D16E19 /* Alertable.swift */,
				4C770B751FC9E6D40030DF0D /* Successful.swift */,
			);
			path = Protocols;
			sourceTree = "<group>";
		};
/* End PBXGroup section */

/* Begin PBXNativeTarget section */
		4C3288901FB7DC5300749988 /* CoreDataDemo */ = {
			isa = PBXNativeTarget;
			buildConfigurationList = 4C3288A31FB7DC5300749988 /* Build configuration list for PBXNativeTarget "CoreDataDemo" */;
			buildPhases = (
				4C32888D1FB7DC5300749988 /* Sources */,
				4C32888E1FB7DC5300749988 /* Frameworks */,
				4C32888F1FB7DC5300749988 /* Resources */,
			);
			buildRules = (
			);
			dependencies = (
			);
			name = CoreDataDemo;
			productName = CoreDataDemo;
			productReference = 4C3288911FB7DC5300749988 /* CoreDataDemo.app */;
			productType = "com.apple.product-type.application";
		};
/* End PBXNativeTarget section */

/* Begin PBXProject section */
		4C3288891FB7DC5300749988 /* Project object */ = {
			isa = PBXProject;
			attributes = {
				LastSwiftUpdateCheck = 0910;
				LastUpgradeCheck = 0910;
				ORGANIZATIONNAME = Ronteq;
				TargetAttributes = {
					4C3288901FB7DC5300749988 = {
						CreatedOnToolsVersion = 9.1;
						ProvisioningStyle = Automatic;
					};
				};
			};
			buildConfigurationList = 4C32888C1FB7DC5300749988 /* Build configuration list for PBXProject "CoreDataDemo" */;
			compatibilityVersion = "Xcode 8.0";
			developmentRegion = en;
			hasScannedForEncodings = 0;
			knownRegions = (
				en,
				Base,
			);
			mainGroup = 4C3288881FB7DC5300749988;
			productRefGroup = 4C3288921FB7DC5300749988 /* Products */;
			projectDirPath = "";
			projectRoot = "";
			targets = (
				4C3288901FB7DC5300749988 /* CoreDataDemo */,
			);
		};
/* End PBXProject section */

/* Begin PBXResourcesBuildPhase section */
		4C32888F1FB7DC5300749988 /* Resources */ = {
			isa = PBXResourcesBuildPhase;
			buildActionMask = 2147483647;
			files = (
				4C32889F1FB7DC5300749988 /* LaunchScreen.storyboard in Resources */,
				4C32889C1FB7DC5300749988 /* Assets.xcassets in Resources */,
			);
			runOnlyForDeploymentPostprocessing = 0;
		};
/* End PBXResourcesBuildPhase section */

/* Begin PBXSourcesBuildPhase section */
		4C32888D1FB7DC5300749988 /* Sources */ = {
			isa = PBXSourcesBuildPhase;
			buildActionMask = 2147483647;
			files = (
				4CAA01771FBA9E3A00D16E19 /* Alertable.swift in Sources */,
				4C3288B31FB7ECB000749988 /* Sizes.swift in Sources */,
				4C8A3D361FC0B4EA00B216E6 /* CompanyCellViewModel.swift in Sources */,
				4C0834021FDDBD600002F9BB /* EmployeeViewModelItemType.swift in Sources */,
				4C8A3D341FC0B16E00B216E6 /* CreateCompanyViewModel.swift in Sources */,
				4CD45C7C1FD645AF006C144B /* EmployeesViewModel.swift in Sources */,
				4C0DF8811FD8EB0900715D9D /* CreateEmployeeViewModel.swift in Sources */,
				4CD45C821FD6494F006C144B /* CreateEmployeeController.swift in Sources */,
				4C3288A81FB7E1D100749988 /* Palette.swift in Sources */,
				4C3288B11FB7EBCD00749988 /* Fonts.swift in Sources */,
				4C8A3D2F1FC0AFEC00B216E6 /* CoreDataModel.xcdatamodeld in Sources */,
				4C3288971FB7DC5300749988 /* CompaniesController.swift in Sources */,
				4CD45C7E1FD64644006C144B /* EmployeeCell.swift in Sources */,
				4C33BBF11FE22F9100426E64 /* CompanyService.swift in Sources */,
				4C3288B61FB7ED3B00749988 /* APICompany.swift in Sources */,
				4C0834001FDDBD430002F9BB /* EmployeeViewModelItem.swift in Sources */,
				4C6B872D1FDCB71F003745E6 /* HeaderLabel.swift in Sources */,
				4C8A3D321FC0B15800B216E6 /* CompaniesViewModel.swift in Sources */,
				4C3288951FB7DC5300749988 /* AppDelegate.swift in Sources */,
				4CD45C801FD646A4006C144B /* EmployeeCellViewModel.swift in Sources */,
				4C3288AF1FB7E7F100749988 /* CompanyCell.swift in Sources */,
				974F03101FCE4F1A001B16D9 /* UnderlinedLabel.swift in Sources */,
				4C33BBF31FE234E500426E64 /* APIEmployee.swift in Sources */,
				4CD45C7A1FD6446A006C144B /* EmployeesController.swift in Sources */,
				4C770B961FCA346A0030DF0D /* ShadowView.swift in Sources */,
				4C770B761FC9E6D40030DF0D /* Successful.swift in Sources */,
				4C8A3D381FC0BF0600B216E6 /* CoreDataManager.swift in Sources */,
				4C6DCC7D1FB8CC390012FA12 /* CreateCompanyController.swift in Sources */,
			);
			runOnlyForDeploymentPostprocessing = 0;
		};
/* End PBXSourcesBuildPhase section */

/* Begin PBXVariantGroup section */
		4C32889D1FB7DC5300749988 /* LaunchScreen.storyboard */ = {
			isa = PBXVariantGroup;
			children = (
				4C32889E1FB7DC5300749988 /* Base */,
			);
			name = LaunchScreen.storyboard;
			sourceTree = "<group>";
		};
/* End PBXVariantGroup section */

/* Begin XCBuildConfiguration section */
		4C3288A11FB7DC5300749988 /* Debug */ = {
			isa = XCBuildConfiguration;
			buildSettings = {
				ALWAYS_SEARCH_USER_PATHS = NO;
				CLANG_ANALYZER_NONNULL = YES;
				CLANG_ANALYZER_NUMBER_OBJECT_CONVERSION = YES_AGGRESSIVE;
				CLANG_CXX_LANGUAGE_STANDARD = "gnu++14";
				CLANG_CXX_LIBRARY = "libc++";
				CLANG_ENABLE_MODULES = YES;
				CLANG_ENABLE_OBJC_ARC = YES;
				CLANG_WARN_BLOCK_CAPTURE_AUTORELEASING = YES;
				CLANG_WARN_BOOL_CONVERSION = YES;
				CLANG_WARN_COMMA = YES;
				CLANG_WARN_CONSTANT_CONVERSION = YES;
				CLANG_WARN_DIRECT_OBJC_ISA_USAGE = YES_ERROR;
				CLANG_WARN_DOCUMENTATION_COMMENTS = YES;
				CLANG_WARN_EMPTY_BODY = YES;
				CLANG_WARN_ENUM_CONVERSION = YES;
				CLANG_WARN_INFINITE_RECURSION = YES;
				CLANG_WARN_INT_CONVERSION = YES;
				CLANG_WARN_NON_LITERAL_NULL_CONVERSION = YES;
				CLANG_WARN_OBJC_LITERAL_CONVERSION = YES;
				CLANG_WARN_OBJC_ROOT_CLASS = YES_ERROR;
				CLANG_WARN_RANGE_LOOP_ANALYSIS = YES;
				CLANG_WARN_STRICT_PROTOTYPES = YES;
				CLANG_WARN_SUSPICIOUS_MOVE = YES;
				CLANG_WARN_UNGUARDED_AVAILABILITY = YES_AGGRESSIVE;
				CLANG_WARN_UNREACHABLE_CODE = YES;
				CLANG_WARN__DUPLICATE_METHOD_MATCH = YES;
				CODE_SIGN_IDENTITY = "iPhone Developer";
				COPY_PHASE_STRIP = NO;
				DEBUG_INFORMATION_FORMAT = dwarf;
				ENABLE_STRICT_OBJC_MSGSEND = YES;
				ENABLE_TESTABILITY = YES;
				GCC_C_LANGUAGE_STANDARD = gnu11;
				GCC_DYNAMIC_NO_PIC = NO;
				GCC_NO_COMMON_BLOCKS = YES;
				GCC_OPTIMIZATION_LEVEL = 0;
				GCC_PREPROCESSOR_DEFINITIONS = (
					"DEBUG=1",
					"$(inherited)",
				);
				GCC_WARN_64_TO_32_BIT_CONVERSION = YES;
				GCC_WARN_ABOUT_RETURN_TYPE = YES_ERROR;
				GCC_WARN_UNDECLARED_SELECTOR = YES;
				GCC_WARN_UNINITIALIZED_AUTOS = YES_AGGRESSIVE;
				GCC_WARN_UNUSED_FUNCTION = YES;
				GCC_WARN_UNUSED_VARIABLE = YES;
				IPHONEOS_DEPLOYMENT_TARGET = 11.1;
				MTL_ENABLE_DEBUG_INFO = YES;
				ONLY_ACTIVE_ARCH = YES;
				SDKROOT = iphoneos;
				SWIFT_ACTIVE_COMPILATION_CONDITIONS = DEBUG;
				SWIFT_OPTIMIZATION_LEVEL = "-Onone";
			};
			name = Debug;
		};
		4C3288A21FB7DC5300749988 /* Release */ = {
			isa = XCBuildConfiguration;
			buildSettings = {
				ALWAYS_SEARCH_USER_PATHS = NO;
				CLANG_ANALYZER_NONNULL = YES;
				CLANG_ANALYZER_NUMBER_OBJECT_CONVERSION = YES_AGGRESSIVE;
				CLANG_CXX_LANGUAGE_STANDARD = "gnu++14";
				CLANG_CXX_LIBRARY = "libc++";
				CLANG_ENABLE_MODULES = YES;
				CLANG_ENABLE_OBJC_ARC = YES;
				CLANG_WARN_BLOCK_CAPTURE_AUTORELEASING = YES;
				CLANG_WARN_BOOL_CONVERSION = YES;
				CLANG_WARN_COMMA = YES;
				CLANG_WARN_CONSTANT_CONVERSION = YES;
				CLANG_WARN_DIRECT_OBJC_ISA_USAGE = YES_ERROR;
				CLANG_WARN_DOCUMENTATION_COMMENTS = YES;
				CLANG_WARN_EMPTY_BODY = YES;
				CLANG_WARN_ENUM_CONVERSION = YES;
				CLANG_WARN_INFINITE_RECURSION = YES;
				CLANG_WARN_INT_CONVERSION = YES;
				CLANG_WARN_NON_LITERAL_NULL_CONVERSION = YES;
				CLANG_WARN_OBJC_LITERAL_CONVERSION = YES;
				CLANG_WARN_OBJC_ROOT_CLASS = YES_ERROR;
				CLANG_WARN_RANGE_LOOP_ANALYSIS = YES;
				CLANG_WARN_STRICT_PROTOTYPES = YES;
				CLANG_WARN_SUSPICIOUS_MOVE = YES;
				CLANG_WARN_UNGUARDED_AVAILABILITY = YES_AGGRESSIVE;
				CLANG_WARN_UNREACHABLE_CODE = YES;
				CLANG_WARN__DUPLICATE_METHOD_MATCH = YES;
				CODE_SIGN_IDENTITY = "iPhone Developer";
				COPY_PHASE_STRIP = NO;
				DEBUG_INFORMATION_FORMAT = "dwarf-with-dsym";
				ENABLE_NS_ASSERTIONS = NO;
				ENABLE_STRICT_OBJC_MSGSEND = YES;
				GCC_C_LANGUAGE_STANDARD = gnu11;
				GCC_NO_COMMON_BLOCKS = YES;
				GCC_WARN_64_TO_32_BIT_CONVERSION = YES;
				GCC_WARN_ABOUT_RETURN_TYPE = YES_ERROR;
				GCC_WARN_UNDECLARED_SELECTOR = YES;
				GCC_WARN_UNINITIALIZED_AUTOS = YES_AGGRESSIVE;
				GCC_WARN_UNUSED_FUNCTION = YES;
				GCC_WARN_UNUSED_VARIABLE = YES;
				IPHONEOS_DEPLOYMENT_TARGET = 11.1;
				MTL_ENABLE_DEBUG_INFO = NO;
				SDKROOT = iphoneos;
				SWIFT_OPTIMIZATION_LEVEL = "-Owholemodule";
				VALIDATE_PRODUCT = YES;
			};
			name = Release;
		};
		4C3288A41FB7DC5300749988 /* Debug */ = {
			isa = XCBuildConfiguration;
			buildSettings = {
				ASSETCATALOG_COMPILER_APPICON_NAME = AppIcon;
				CODE_SIGN_STYLE = Automatic;
				DEVELOPMENT_TEAM = 4RGG6YXDS6;
				INFOPLIST_FILE = CoreDataDemo/Info.plist;
				LD_RUNPATH_SEARCH_PATHS = "$(inherited) @executable_path/Frameworks";
				PRODUCT_BUNDLE_IDENTIFIER = com.ronteq.CoreDataDemo;
				PRODUCT_NAME = "$(TARGET_NAME)";
				SWIFT_VERSION = 4.0;
				TARGETED_DEVICE_FAMILY = "1,2";
			};
			name = Debug;
		};
		4C3288A51FB7DC5300749988 /* Release */ = {
			isa = XCBuildConfiguration;
			buildSettings = {
				ASSETCATALOG_COMPILER_APPICON_NAME = AppIcon;
				CODE_SIGN_STYLE = Automatic;
				DEVELOPMENT_TEAM = 4RGG6YXDS6;
				INFOPLIST_FILE = CoreDataDemo/Info.plist;
				LD_RUNPATH_SEARCH_PATHS = "$(inherited) @executable_path/Frameworks";
				PRODUCT_BUNDLE_IDENTIFIER = com.ronteq.CoreDataDemo;
				PRODUCT_NAME = "$(TARGET_NAME)";
				SWIFT_VERSION = 4.0;
				TARGETED_DEVICE_FAMILY = "1,2";
			};
			name = Release;
		};
/* End XCBuildConfiguration section */

/* Begin XCConfigurationList section */
		4C32888C1FB7DC5300749988 /* Build configuration list for PBXProject "CoreDataDemo" */ = {
			isa = XCConfigurationList;
			buildConfigurations = (
				4C3288A11FB7DC5300749988 /* Debug */,
				4C3288A21FB7DC5300749988 /* Release */,
			);
			defaultConfigurationIsVisible = 0;
			defaultConfigurationName = Release;
		};
		4C3288A31FB7DC5300749988 /* Build configuration list for PBXNativeTarget "CoreDataDemo" */ = {
			isa = XCConfigurationList;
			buildConfigurations = (
				4C3288A41FB7DC5300749988 /* Debug */,
				4C3288A51FB7DC5300749988 /* Release */,
			);
			defaultConfigurationIsVisible = 0;
			defaultConfigurationName = Release;
		};
/* End XCConfigurationList section */

/* Begin XCVersionGroup section */
		4C8A3D2D1FC0AFEC00B216E6 /* CoreDataModel.xcdatamodeld */ = {
			isa = XCVersionGroup;
			children = (
				4C8A3D2E1FC0AFEC00B216E6 /* CoreDataModel.xcdatamodel */,
			);
			currentVersion = 4C8A3D2E1FC0AFEC00B216E6 /* CoreDataModel.xcdatamodel */;
			path = CoreDataModel.xcdatamodeld;
			sourceTree = "<group>";
			versionGroupType = wrapper.xcdatamodel;
		};
/* End XCVersionGroup section */
	};
	rootObject = 4C3288891FB7DC5300749988 /* Project object */;
}
