// !$*UTF8*$!
{
	archiveVersion = 1;
	classes = {
	};
	objectVersion = 48;
	objects = {

/* Begin PBXBuildFile section */
		4C3288951FB7DC5300749988 /* AppDelegate.swift in Sources */ = {isa = PBXBuildFile; fileRef = 4C3288941FB7DC5300749988 /* AppDelegate.swift */; };
		4C3288971FB7DC5300749988 /* CompaniesController.swift in Sources */ = {isa = PBXBuildFile; fileRef = 4C3288961FB7DC5300749988 /* CompaniesController.swift */; };
		4C32889A1FB7DC5300749988 /* Main.storyboard in Resources */ = {isa = PBXBuildFile; fileRef = 4C3288981FB7DC5300749988 /* Main.storyboard */; };
		4C32889C1FB7DC5300749988 /* Assets.xcassets in Resources */ = {isa = PBXBuildFile; fileRef = 4C32889B1FB7DC5300749988 /* Assets.xcassets */; };
		4C32889F1FB7DC5300749988 /* LaunchScreen.storyboard in Resources */ = {isa = PBXBuildFile; fileRef = 4C32889D1FB7DC5300749988 /* LaunchScreen.storyboard */; };
		4C3288A81FB7E1D100749988 /* Palette.swift in Sources */ = {isa = PBXBuildFile; fileRef = 4C3288A71FB7E1D100749988 /* Palette.swift */; };
		4C3288AF1FB7E7F100749988 /* CompanyCell.swift in Sources */ = {isa = PBXBuildFile; fileRef = 4C3288AE1FB7E7F100749988 /* CompanyCell.swift */; };
		4C3288B11FB7EBCD00749988 /* Fonts.swift in Sources */ = {isa = PBXBuildFile; fileRef = 4C3288B01FB7EBCD00749988 /* Fonts.swift */; };
		4C3288B31FB7ECB000749988 /* Sizes.swift in Sources */ = {isa = PBXBuildFile; fileRef = 4C3288B21FB7ECB000749988 /* Sizes.swift */; };
		4C3288B61FB7ED3B00749988 /* Company.swift in Sources */ = {isa = PBXBuildFile; fileRef = 4C3288B51FB7ED3B00749988 /* Company.swift */; };
		4C6DCC7D1FB8CC390012FA12 /* CreateCompanyController.swift in Sources */ = {isa = PBXBuildFile; fileRef = 4C6DCC7C1FB8CC390012FA12 /* CreateCompanyController.swift */; };
		4CAA01771FBA9E3A00D16E19 /* Alertable.swift in Sources */ = {isa = PBXBuildFile; fileRef = 4CAA01761FBA9E3900D16E19 /* Alertable.swift */; };
/* End PBXBuildFile section */

/* Begin PBXFileReference section */
		4C3288911FB7DC5300749988 /* CoreDataDemo.app */ = {isa = PBXFileReference; explicitFileType = wrapper.application; includeInIndex = 0; path = CoreDataDemo.app; sourceTree = BUILT_PRODUCTS_DIR; };
		4C3288941FB7DC5300749988 /* AppDelegate.swift */ = {isa = PBXFileReference; lastKnownFileType = sourcecode.swift; path = AppDelegate.swift; sourceTree = "<group>"; };
		4C3288961FB7DC5300749988 /* CompaniesController.swift */ = {isa = PBXFileReference; lastKnownFileType = sourcecode.swift; path = CompaniesController.swift; sourceTree = "<group>"; };
		4C3288991FB7DC5300749988 /* Base */ = {isa = PBXFileReference; lastKnownFileType = file.storyboard; name = Base; path = Base.lproj/Main.storyboard; sourceTree = "<group>"; };
		4C32889B1FB7DC5300749988 /* Assets.xcassets */ = {isa = PBXFileReference; lastKnownFileType = folder.assetcatalog; path = Assets.xcassets; sourceTree = "<group>"; };
		4C32889E1FB7DC5300749988 /* Base */ = {isa = PBXFileReference; lastKnownFileType = file.storyboard; name = Base; path = Base.lproj/LaunchScreen.storyboard; sourceTree = "<group>"; };
		4C3288A01FB7DC5300749988 /* Info.plist */ = {isa = PBXFileReference; lastKnownFileType = text.plist.xml; path = Info.plist; sourceTree = "<group>"; };
		4C3288A71FB7E1D100749988 /* Palette.swift */ = {isa = PBXFileReference; lastKnownFileType = sourcecode.swift; path = Palette.swift; sourceTree = "<group>"; };
		4C3288AE1FB7E7F100749988 /* CompanyCell.swift */ = {isa = PBXFileReference; lastKnownFileType = sourcecode.swift; path = CompanyCell.swift; sourceTree = "<group>"; };
		4C3288B01FB7EBCD00749988 /* Fonts.swift */ = {isa = PBXFileReference; lastKnownFileType = sourcecode.swift; path = Fonts.swift; sourceTree = "<group>"; };
		4C3288B21FB7ECB000749988 /* Sizes.swift */ = {isa = PBXFileReference; lastKnownFileType = sourcecode.swift; path = Sizes.swift; sourceTree = "<group>"; };
		4C3288B51FB7ED3B00749988 /* Company.swift */ = {isa = PBXFileReference; lastKnownFileType = sourcecode.swift; path = Company.swift; sourceTree = "<group>"; };
		4C6DCC7C1FB8CC390012FA12 /* CreateCompanyController.swift */ = {isa = PBXFileReference; lastKnownFileType = sourcecode.swift; path = CreateCompanyController.swift; sourceTree = "<group>"; };
		4CAA01761FBA9E3900D16E19 /* Alertable.swift */ = {isa = PBXFileReference; lastKnownFileType = sourcecode.swift; path = Alertable.swift; sourceTree = "<group>"; };
/* End PBXFileReference section */

/* Begin PBXFrameworksBuildPhase section */
		4C32888E1FB7DC5300749988 /* Frameworks */ = {
			isa = PBXFrameworksBuildPhase;
			buildActionMask = 2147483647;
			files = (
			);
			runOnlyForDeploymentPostprocessing = 0;
		};
/* End PBXFrameworksBuildPhase section */

/* Begin PBXGroup section */
		4C3288881FB7DC5300749988 = {
			isa = PBXGroup;
			children = (
				4C3288931FB7DC5300749988 /* CoreDataDemo */,
				4C3288921FB7DC5300749988 /* Products */,
			);
			sourceTree = "<group>";
		};
		4C3288921FB7DC5300749988 /* Products */ = {
			isa = PBXGroup;
			children = (
				4C3288911FB7DC5300749988 /* CoreDataDemo.app */,
			);
			name = Products;
			sourceTree = "<group>";
		};
		4C3288931FB7DC5300749988 /* CoreDataDemo */ = {
			isa = PBXGroup;
			children = (
				4C3288A61FB7E1C700749988 /* Helpers */,
				4C3288AC1FB7E33E00749988 /* Resources */,
				4C3288B41FB7ED2800749988 /* Models */,
				4C3288AA1FB7E33200749988 /* Views */,
				4C3288A91FB7E32A00749988 /* Controllers */,
				4C3288941FB7DC5300749988 /* AppDelegate.swift */,
				4C3288A01FB7DC5300749988 /* Info.plist */,
			);
			path = CoreDataDemo;
			sourceTree = "<group>";
		};
		4C3288A61FB7E1C700749988 /* Helpers */ = {
			isa = PBXGroup;
			children = (
				4CAA01781FBA9E3D00D16E19 /* Protocols */,
				4C3288A71FB7E1D100749988 /* Palette.swift */,
				4C3288B01FB7EBCD00749988 /* Fonts.swift */,
				4C3288B21FB7ECB000749988 /* Sizes.swift */,
			);
			path = Helpers;
			sourceTree = "<group>";
		};
		4C3288A91FB7E32A00749988 /* Controllers */ = {
			isa = PBXGroup;
			children = (
				4C3288961FB7DC5300749988 /* CompaniesController.swift */,
				4C6DCC7C1FB8CC390012FA12 /* CreateCompanyController.swift */,
			);
			path = Controllers;
			sourceTree = "<group>";
		};
		4C3288AA1FB7E33200749988 /* Views */ = {
			isa = PBXGroup;
			children = (
				4C3288AB1FB7E33700749988 /* Storyboards */,
				4C3288AD1FB7E7DF00749988 /* Cells */,
			);
			path = Views;
			sourceTree = "<group>";
		};
		4C3288AB1FB7E33700749988 /* Storyboards */ = {
			isa = PBXGroup;
			children = (
				4C3288981FB7DC5300749988 /* Main.storyboard */,
			);
			path = Storyboards;
			sourceTree = "<group>";
		};
		4C3288AC1FB7E33E00749988 /* Resources */ = {
			isa = PBXGroup;
			children = (
				4C32889D1FB7DC5300749988 /* LaunchScreen.storyboard */,
				4C32889B1FB7DC5300749988 /* Assets.xcassets */,
			);
			path = Resources;
			sourceTree = "<group>";
		};
		4C3288AD1FB7E7DF00749988 /* Cells */ = {
			isa = PBXGroup;
			children = (
				4C3288AE1FB7E7F100749988 /* CompanyCell.swift */,
			);
			path = Cells;
			sourceTree = "<group>";
		};
		4C3288B41FB7ED2800749988 /* Models */ = {
			isa = PBXGroup;
			children = (
				4C3288B51FB7ED3B00749988 /* Company.swift */,
			);
			path = Models;
			sourceTree = "<group>";
		};
		4CAA01781FBA9E3D00D16E19 /* Protocols */ = {
			isa = PBXGroup;
			children = (
				4CAA01761FBA9E3900D16E19 /* Alertable.swift */,
			);
			path = Protocols;
			sourceTree = "<group>";
		};
/* End PBXGroup section */

/* Begin PBXNativeTarget section */
		4C3288901FB7DC5300749988 /* CoreDataDemo */ = {
			isa = PBXNativeTarget;
			buildConfigurationList = 4C3288A31FB7DC5300749988 /* Build configuration list for PBXNativeTarget "CoreDataDemo" */;
			buildPhases = (
				4C32888D1FB7DC5300749988 /* Sources */,
				4C32888E1FB7DC5300749988 /* Frameworks */,
				4C32888F1FB7DC5300749988 /* Resources */,
			);
			buildRules = (
			);
			dependencies = (
			);
			name = CoreDataDemo;
			productName = CoreDataDemo;
			productReference = 4C3288911FB7DC5300749988 /* CoreDataDemo.app */;
			productType = "com.apple.product-type.application";
		};
/* End PBXNativeTarget section */

/* Begin PBXProject section */
		4C3288891FB7DC5300749988 /* Project object */ = {
			isa = PBXProject;
			attributes = {
				LastSwiftUpdateCheck = 0910;
				LastUpgradeCheck = 0910;
				ORGANIZATIONNAME = Ronteq;
				TargetAttributes = {
					4C3288901FB7DC5300749988 = {
						CreatedOnToolsVersion = 9.1;
						ProvisioningStyle = Automatic;
					};
				};
			};
			buildConfigurationList = 4C32888C1FB7DC5300749988 /* Build configuration list for PBXProject "CoreDataDemo" */;
			compatibilityVersion = "Xcode 8.0";
			developmentRegion = en;
			hasScannedForEncodings = 0;
			knownRegions = (
				en,
				Base,
			);
			mainGroup = 4C3288881FB7DC5300749988;
			productRefGroup = 4C3288921FB7DC5300749988 /* Products */;
			projectDirPath = "";
			projectRoot = "";
			targets = (
				4C3288901FB7DC5300749988 /* CoreDataDemo */,
			);
		};
/* End PBXProject section */

/* Begin PBXResourcesBuildPhase section */
		4C32888F1FB7DC5300749988 /* Resources */ = {
			isa = PBXResourcesBuildPhase;
			buildActionMask = 2147483647;
			files = (
				4C32889F1FB7DC5300749988 /* LaunchScreen.storyboard in Resources */,
				4C32889C1FB7DC5300749988 /* Assets.xcassets in Resources */,
				4C32889A1FB7DC5300749988 /* Main.storyboard in Resources */,
			);
			runOnlyForDeploymentPostprocessing = 0;
		};
/* End PBXResourcesBuildPhase section */

/* Begin PBXSourcesBuildPhase section */
		4C32888D1FB7DC5300749988 /* Sources */ = {
			isa = PBXSourcesBuildPhase;
			buildActionMask = 2147483647;
			files = (
				4CAA01771FBA9E3A00D16E19 /* Alertable.swift in Sources */,
				4C3288B31FB7ECB000749988 /* Sizes.swift in Sources */,
				4C3288A81FB7E1D100749988 /* Palette.swift in Sources */,
				4C3288B11FB7EBCD00749988 /* Fonts.swift in Sources */,
				4C3288971FB7DC5300749988 /* CompaniesController.swift in Sources */,
				4C3288B61FB7ED3B00749988 /* Company.swift in Sources */,
				4C3288951FB7DC5300749988 /* AppDelegate.swift in Sources */,
				4C3288AF1FB7E7F100749988 /* CompanyCell.swift in Sources */,
				4C6DCC7D1FB8CC390012FA12 /* CreateCompanyController.swift in Sources */,
			);
			runOnlyForDeploymentPostprocessing = 0;
		};
/* End PBXSourcesBuildPhase section */

/* Begin PBXVariantGroup section */
		4C3288981FB7DC5300749988 /* Main.storyboard */ = {
			isa = PBXVariantGroup;
			children = (
				4C3288991FB7DC5300749988 /* Base */,
			);
			name = Main.storyboard;
			sourceTree = "<group>";
		};
		4C32889D1FB7DC5300749988 /* LaunchScreen.storyboard */ = {
			isa = PBXVariantGroup;
			children = (
				4C32889E1FB7DC5300749988 /* Base */,
			);
			name = LaunchScreen.storyboard;
			sourceTree = "<group>";
		};
/* End PBXVariantGroup section */

/* Begin XCBuildConfiguration section */
		4C3288A11FB7DC5300749988 /* Debug */ = {
			isa = XCBuildConfiguration;
			buildSettings = {
				ALWAYS_SEARCH_USER_PATHS = NO;
				CLANG_ANALYZER_NONNULL = YES;
				CLANG_ANALYZER_NUMBER_OBJECT_CONVERSION = YES_AGGRESSIVE;
				CLANG_CXX_LANGUAGE_STANDARD = "gnu++14";
				CLANG_CXX_LIBRARY = "libc++";
				CLANG_ENABLE_MODULES = YES;
				CLANG_ENABLE_OBJC_ARC = YES;
				CLANG_WARN_BLOCK_CAPTURE_AUTORELEASING = YES;
				CLANG_WARN_BOOL_CONVERSION = YES;
				CLANG_WARN_COMMA = YES;
				CLANG_WARN_CONSTANT_CONVERSION = YES;
				CLANG_WARN_DIRECT_OBJC_ISA_USAGE = YES_ERROR;
				CLANG_WARN_DOCUMENTATION_COMMENTS = YES;
				CLANG_WARN_EMPTY_BODY = YES;
				CLANG_WARN_ENUM_CONVERSION = YES;
				CLANG_WARN_INFINITE_RECURSION = YES;
				CLANG_WARN_INT_CONVERSION = YES;
				CLANG_WARN_NON_LITERAL_NULL_CONVERSION = YES;
				CLANG_WARN_OBJC_LITERAL_CONVERSION = YES;
				CLANG_WARN_OBJC_ROOT_CLASS = YES_ERROR;
				CLANG_WARN_RANGE_LOOP_ANALYSIS = YES;
				CLANG_WARN_STRICT_PROTOTYPES = YES;
				CLANG_WARN_SUSPICIOUS_MOVE = YES;
				CLANG_WARN_UNGUARDED_AVAILABILITY = YES_AGGRESSIVE;
				CLANG_WARN_UNREACHABLE_CODE = YES;
				CLANG_WARN__DUPLICATE_METHOD_MATCH = YES;
				CODE_SIGN_IDENTITY = "iPhone Developer";
				COPY_PHASE_STRIP = NO;
				DEBUG_INFORMATION_FORMAT = dwarf;
				ENABLE_STRICT_OBJC_MSGSEND = YES;
				ENABLE_TESTABILITY = YES;
				GCC_C_LANGUAGE_STANDARD = gnu11;
				GCC_DYNAMIC_NO_PIC = NO;
				GCC_NO_COMMON_BLOCKS = YES;
				GCC_OPTIMIZATION_LEVEL = 0;
				GCC_PREPROCESSOR_DEFINITIONS = (
					"DEBUG=1",
					"$(inherited)",
				);
				GCC_WARN_64_TO_32_BIT_CONVERSION = YES;
				GCC_WARN_ABOUT_RETURN_TYPE = YES_ERROR;
				GCC_WARN_UNDECLARED_SELECTOR = YES;
				GCC_WARN_UNINITIALIZED_AUTOS = YES_AGGRESSIVE;
				GCC_WARN_UNUSED_FUNCTION = YES;
				GCC_WARN_UNUSED_VARIABLE = YES;
				IPHONEOS_DEPLOYMENT_TARGET = 11.1;
				MTL_ENABLE_DEBUG_INFO = YES;
				ONLY_ACTIVE_ARCH = YES;
				SDKROOT = iphoneos;
				SWIFT_ACTIVE_COMPILATION_CONDITIONS = DEBUG;
				SWIFT_OPTIMIZATION_LEVEL = "-Onone";
			};
			name = Debug;
		};
		4C3288A21FB7DC5300749988 /* Release */ = {
			isa = XCBuildConfiguration;
			buildSettings = {
				ALWAYS_SEARCH_USER_PATHS = NO;
				CLANG_ANALYZER_NONNULL = YES;
				CLANG_ANALYZER_NUMBER_OBJECT_CONVERSION = YES_AGGRESSIVE;
				CLANG_CXX_LANGUAGE_STANDARD = "gnu++14";
				CLANG_CXX_LIBRARY = "libc++";
				CLANG_ENABLE_MODULES = YES;
				CLANG_ENABLE_OBJC_ARC = YES;
				CLANG_WARN_BLOCK_CAPTURE_AUTORELEASING = YES;
				CLANG_WARN_BOOL_CONVERSION = YES;
				CLANG_WARN_COMMA = YES;
				CLANG_WARN_CONSTANT_CONVERSION = YES;
				CLANG_WARN_DIRECT_OBJC_ISA_USAGE = YES_ERROR;
				CLANG_WARN_DOCUMENTATION_COMMENTS = YES;
				CLANG_WARN_EMPTY_BODY = YES;
				CLANG_WARN_ENUM_CONVERSION = YES;
				CLANG_WARN_INFINITE_RECURSION = YES;
				CLANG_WARN_INT_CONVERSION = YES;
				CLANG_WARN_NON_LITERAL_NULL_CONVERSION = YES;
				CLANG_WARN_OBJC_LITERAL_CONVERSION = YES;
				CLANG_WARN_OBJC_ROOT_CLASS = YES_ERROR;
				CLANG_WARN_RANGE_LOOP_ANALYSIS = YES;
				CLANG_WARN_STRICT_PROTOTYPES = YES;
				CLANG_WARN_SUSPICIOUS_MOVE = YES;
				CLANG_WARN_UNGUARDED_AVAILABILITY = YES_AGGRESSIVE;
				CLANG_WARN_UNREACHABLE_CODE = YES;
				CLANG_WARN__DUPLICATE_METHOD_MATCH = YES;
				CODE_SIGN_IDENTITY = "iPhone Developer";
				COPY_PHASE_STRIP = NO;
				DEBUG_INFORMATION_FORMAT = "dwarf-with-dsym";
				ENABLE_NS_ASSERTIONS = NO;
				ENABLE_STRICT_OBJC_MSGSEND = YES;
				GCC_C_LANGUAGE_STANDARD = gnu11;
				GCC_NO_COMMON_BLOCKS = YES;
				GCC_WARN_64_TO_32_BIT_CONVERSION = YES;
				GCC_WARN_ABOUT_RETURN_TYPE = YES_ERROR;
				GCC_WARN_UNDECLARED_SELECTOR = YES;
				GCC_WARN_UNINITIALIZED_AUTOS = YES_AGGRESSIVE;
				GCC_WARN_UNUSED_FUNCTION = YES;
				GCC_WARN_UNUSED_VARIABLE = YES;
				IPHONEOS_DEPLOYMENT_TARGET = 11.1;
				MTL_ENABLE_DEBUG_INFO = NO;
				SDKROOT = iphoneos;
				SWIFT_OPTIMIZATION_LEVEL = "-Owholemodule";
				VALIDATE_PRODUCT = YES;
			};
			name = Release;
		};
		4C3288A41FB7DC5300749988 /* Debug */ = {
			isa = XCBuildConfiguration;
			buildSettings = {
				ASSETCATALOG_COMPILER_APPICON_NAME = AppIcon;
				CODE_SIGN_STYLE = Automatic;
				DEVELOPMENT_TEAM = 4RGG6YXDS6;
				INFOPLIST_FILE = CoreDataDemo/Info.plist;
				LD_RUNPATH_SEARCH_PATHS = "$(inherited) @executable_path/Frameworks";
				PRODUCT_BUNDLE_IDENTIFIER = com.ronteq.CoreDataDemo;
				PRODUCT_NAME = "$(TARGET_NAME)";
				SWIFT_VERSION = 4.0;
				TARGETED_DEVICE_FAMILY = "1,2";
			};
			name = Debug;
		};
		4C3288A51FB7DC5300749988 /* Release */ = {
			isa = XCBuildConfiguration;
			buildSettings = {
				ASSETCATALOG_COMPILER_APPICON_NAME = AppIcon;
				CODE_SIGN_STYLE = Automatic;
				DEVELOPMENT_TEAM = 4RGG6YXDS6;
				INFOPLIST_FILE = CoreDataDemo/Info.plist;
				LD_RUNPATH_SEARCH_PATHS = "$(inherited) @executable_path/Frameworks";
				PRODUCT_BUNDLE_IDENTIFIER = com.ronteq.CoreDataDemo;
				PRODUCT_NAME = "$(TARGET_NAME)";
				SWIFT_VERSION = 4.0;
				TARGETED_DEVICE_FAMILY = "1,2";
			};
			name = Release;
		};
/* End XCBuildConfiguration section */

/* Begin XCConfigurationList section */
		4C32888C1FB7DC5300749988 /* Build configuration list for PBXProject "CoreDataDemo" */ = {
			isa = XCConfigurationList;
			buildConfigurations = (
				4C3288A11FB7DC5300749988 /* Debug */,
				4C3288A21FB7DC5300749988 /* Release */,
			);
			defaultConfigurationIsVisible = 0;
			defaultConfigurationName = Release;
		};
		4C3288A31FB7DC5300749988 /* Build configuration list for PBXNativeTarget "CoreDataDemo" */ = {
			isa = XCConfigurationList;
			buildConfigurations = (
				4C3288A41FB7DC5300749988 /* Debug */,
				4C3288A51FB7DC5300749988 /* Release */,
			);
			defaultConfigurationIsVisible = 0;
			defaultConfigurationName = Release;
		};
/* End XCConfigurationList section */
	};
	rootObject = 4C3288891FB7DC5300749988 /* Project object */;
}
